
Microsoft Visual Studio Solution File, Format Version 12.00
# Visual Studio Version 17
VisualStudioVersion = 17.6.33712.159
MinimumVisualStudioVersion = 10.0.40219.1
Project("{FAE04EC0-301F-11D3-BF4B-00C04F79EFBC}") = "project_cs_acad_2", "project_cs_acad_2\project_cs_acad_2.csproj", "{7993952E-B5D4-4C01-933B-B29A2C186DC5}"
EndProject
Global
	GlobalSection(SolutionConfigurationPlatforms) = preSolution
		Debug|Any CPU = Debug|Any CPU
		Release|Any CPU = Release|Any CPU
	EndGlobalSection
	GlobalSection(ProjectConfigurationPlatforms) = postSolution
		{7993952E-B5D4-4C01-933B-B29A2C186DC5}.Debug|Any CPU.ActiveCfg = Debug|Any CPU
		{7993952E-B5D4-4C01-933B-B29A2C186DC5}.Debug|Any CPU.Build.0 = Debug|Any CPU
		{7993952E-B5D4-4C01-933B-B29A2C186DC5}.Release|Any CPU.ActiveCfg = Release|Any CPU
		{7993952E-B5D4-4C01-933B-B29A2C186DC5}.Release|Any CPU.Build.0 = Release|Any CPU
	EndGlobalSection
	GlobalSection(SolutionProperties) = preSolution
		HideSolutionNode = FALSE
	EndGlobalSection
	GlobalSection(ExtensibilityGlobals) = postSolution
		SolutionGuid = {11CC3267-162C-4080-9CB6-EC48DA42BE71}
	EndGlobalSection
EndGlobal
